
Microsoft Visual Studio Solution File, Format Version 12.00
# Visual Studio Version 16
VisualStudioVersion = 16.0.31410.357
MinimumVisualStudioVersion = 10.0.40219.1
Project("{9A19103F-16F7-4668-BE54-9A1E7A4F7556}") = "FirstWPFApp", "FirstWPFApp\FirstWPFApp.csproj", "{969AEE58-477A-40AE-B729-973E1B80EE0A}"
EndProject
Project("{9A19103F-16F7-4668-BE54-9A1E7A4F7556}") = "ComponentsDemo", "ComponentsDemo\ComponentsDemo.csproj", "{1893502F-1E39-493F-A365-FB97BF24E905}"
EndProject
Project("{9A19103F-16F7-4668-BE54-9A1E7A4F7556}") = "SystemSettings", "SystemSettings\SystemSettings.csproj", "{40C50B8A-9C6C-4324-A36D-A452732DEAA5}"
EndProject
Project("{9A19103F-16F7-4668-BE54-9A1E7A4F7556}") = "MemoryUI", "MemoryUI\MemoryUI.csproj", "{EC7BB213-825F-481F-BB72-CA1183703B90}"
EndProject
Project("{2150E333-8FDC-42A3-9474-1A3956D46DE8}") = "Solution Items", "Solution Items", "{2BE10297-5B19-4AD1-ACBF-A66377F3C639}"
	ProjectSection(SolutionItems) = preProject
		.editorconfig = .editorconfig
		Interessante Links.txt = Interessante Links.txt
		Readme.md = Readme.md
	EndProjectSection
EndProject
Project("{9A19103F-16F7-4668-BE54-9A1E7A4F7556}") = "MemoryDakkakEdition", "MemoryDakkakEdition\MemoryDakkakEdition.csproj", "{8221FDDF-4128-4583-9304-D542A0DF5D3B}"
EndProject
Project("{9A19103F-16F7-4668-BE54-9A1E7A4F7556}") = "ZipDemo", "ZipDemo\ZipDemo.csproj", "{A92C94ED-EFAE-434B-B982-2D469CD38494}"
EndProject
Project("{FAE04EC0-301F-11D3-BF4B-00C04F79EFBC}") = "BenchmarkUI", "BenchmarkUI\BenchmarkUI.csproj", "{653F53A9-64DF-4C00-BE1C-182F3792B35D}"
EndProject
Global
	GlobalSection(SolutionConfigurationPlatforms) = preSolution
		Debug|Any CPU = Debug|Any CPU
		Release|Any CPU = Release|Any CPU
	EndGlobalSection
	GlobalSection(ProjectConfigurationPlatforms) = postSolution
		{969AEE58-477A-40AE-B729-973E1B80EE0A}.Debug|Any CPU.ActiveCfg = Debug|Any CPU
		{969AEE58-477A-40AE-B729-973E1B80EE0A}.Debug|Any CPU.Build.0 = Debug|Any CPU
		{969AEE58-477A-40AE-B729-973E1B80EE0A}.Release|Any CPU.ActiveCfg = Release|Any CPU
		{969AEE58-477A-40AE-B729-973E1B80EE0A}.Release|Any CPU.Build.0 = Release|Any CPU
		{1893502F-1E39-493F-A365-FB97BF24E905}.Debug|Any CPU.ActiveCfg = Debug|Any CPU
		{1893502F-1E39-493F-A365-FB97BF24E905}.Debug|Any CPU.Build.0 = Debug|Any CPU
		{1893502F-1E39-493F-A365-FB97BF24E905}.Release|Any CPU.ActiveCfg = Release|Any CPU
		{1893502F-1E39-493F-A365-FB97BF24E905}.Release|Any CPU.Build.0 = Release|Any CPU
		{40C50B8A-9C6C-4324-A36D-A452732DEAA5}.Debug|Any CPU.ActiveCfg = Debug|Any CPU
		{40C50B8A-9C6C-4324-A36D-A452732DEAA5}.Debug|Any CPU.Build.0 = Debug|Any CPU
		{40C50B8A-9C6C-4324-A36D-A452732DEAA5}.Release|Any CPU.ActiveCfg = Release|Any CPU
		{40C50B8A-9C6C-4324-A36D-A452732DEAA5}.Release|Any CPU.Build.0 = Release|Any CPU
		{EC7BB213-825F-481F-BB72-CA1183703B90}.Debug|Any CPU.ActiveCfg = Debug|Any CPU
		{EC7BB213-825F-481F-BB72-CA1183703B90}.Debug|Any CPU.Build.0 = Debug|Any CPU
		{EC7BB213-825F-481F-BB72-CA1183703B90}.Release|Any CPU.ActiveCfg = Release|Any CPU
		{EC7BB213-825F-481F-BB72-CA1183703B90}.Release|Any CPU.Build.0 = Release|Any CPU
		{8221FDDF-4128-4583-9304-D542A0DF5D3B}.Debug|Any CPU.ActiveCfg = Debug|Any CPU
		{8221FDDF-4128-4583-9304-D542A0DF5D3B}.Debug|Any CPU.Build.0 = Debug|Any CPU
		{8221FDDF-4128-4583-9304-D542A0DF5D3B}.Release|Any CPU.ActiveCfg = Release|Any CPU
		{8221FDDF-4128-4583-9304-D542A0DF5D3B}.Release|Any CPU.Build.0 = Release|Any CPU
		{A92C94ED-EFAE-434B-B982-2D469CD38494}.Debug|Any CPU.ActiveCfg = Debug|Any CPU
		{A92C94ED-EFAE-434B-B982-2D469CD38494}.Debug|Any CPU.Build.0 = Debug|Any CPU
		{A92C94ED-EFAE-434B-B982-2D469CD38494}.Release|Any CPU.ActiveCfg = Release|Any CPU
		{A92C94ED-EFAE-434B-B982-2D469CD38494}.Release|Any CPU.Build.0 = Release|Any CPU
		{653F53A9-64DF-4C00-BE1C-182F3792B35D}.Debug|Any CPU.ActiveCfg = Debug|Any CPU
		{653F53A9-64DF-4C00-BE1C-182F3792B35D}.Debug|Any CPU.Build.0 = Debug|Any CPU
		{653F53A9-64DF-4C00-BE1C-182F3792B35D}.Release|Any CPU.ActiveCfg = Release|Any CPU
		{653F53A9-64DF-4C00-BE1C-182F3792B35D}.Release|Any CPU.Build.0 = Release|Any CPU
	EndGlobalSection
	GlobalSection(SolutionProperties) = preSolution
		HideSolutionNode = FALSE
	EndGlobalSection
	GlobalSection(ExtensibilityGlobals) = postSolution
		SolutionGuid = {66CE278E-DFAD-45F8-9285-1D60F80D73A3}
	EndGlobalSection
EndGlobal
